<Solution>
  <Folder Name="/Solution Items/">
    <File Path=".env" />
    <File Path=".env.example" />
    <File Path="docker-compose.yml" />
  </Folder>
  <Folder Name="/Tests/">
    <Project Path="RustArchon.Api.IntegrationTests/RustArchon.Api.IntegrationTests.csproj" />
    <Project Path="RustArchon.Api.Tests/RustArchon.Api.Tests.csproj" />
    <Project Path="RustArchon.Worker.Tests/RustArchon.Worker.Tests.csproj" />
  </Folder>
  <Project Path="JumpStart/JumpStart/JumpStart.csproj" />
  <Project Path="RustArchon.Api/RustArchon.Api.csproj" />
  <Project Path="RustArchon.Messaging/RustArchon.Messaging.csproj" />
  <Project Path="RustArchon.Panel/RustArchon.Panel.csproj" />
  <Project Path="RustArchon.Rcon/RustArchon.Rcon.csproj" />
  <Project Path="RustArchon.Shared/RustArchon.Shared.csproj" />
  <Project Path="RustArchon.Web/RustArchon.Web.csproj" />
  <Project Path="RustArchon.Worker/RustArchon.Worker.csproj" />
</Solution>
